
Microsoft Visual Studio Solution File, Format Version 12.00
# Visual Studio Version 16
VisualStudioVersion = 16.0.29806.167
MinimumVisualStudioVersion = 10.0.40219.1
Project("{FAE04EC0-301F-11D3-BF4B-00C04F79EFBC}") = "ConsoleApp1", "ConsoleApp1\ConsoleApp1.csproj", "{D17489BC-75B8-4727-86B6-A535E16F9D4F}"
EndProject
Global
	GlobalSection(SolutionConfigurationPlatforms) = preSolution
		Debug|Any CPU = Debug|Any CPU
		Release|Any CPU = Release|Any CPU
	EndGlobalSection
	GlobalSection(ProjectConfigurationPlatforms) = postSolution
		{D17489BC-75B8-4727-86B6-A535E16F9D4F}.Debug|Any CPU.ActiveCfg = Debug|Any CPU
		{D17489BC-75B8-4727-86B6-A535E16F9D4F}.Debug|Any CPU.Build.0 = Debug|Any CPU
		{D17489BC-75B8-4727-86B6-A535E16F9D4F}.Release|Any CPU.ActiveCfg = Release|Any CPU
		{D17489BC-75B8-4727-86B6-A535E16F9D4F}.Release|Any CPU.Build.0 = Release|Any CPU
	EndGlobalSection
	GlobalSection(SolutionProperties) = preSolution
		HideSolutionNode = FALSE
	EndGlobalSection
	GlobalSection(ExtensibilityGlobals) = postSolution
		SolutionGuid = {388331E9-A904-4EAB-B791-38E606418C37}
	EndGlobalSection
EndGlobal
